// !$*UTF8*$!
{
	archiveVersion = 1;
	classes = {
	};
	objectVersion = 46;
	objects = {

/* Begin PBXBuildFile section */
		818BDFA21A0322C90071C025 /* AppDelegate.swift in Sources */ = {isa = PBXBuildFile; fileRef = 818BDFA11A0322C90071C025 /* AppDelegate.swift */; };
		818BDFA41A0322C90071C025 /* ViewController.swift in Sources */ = {isa = PBXBuildFile; fileRef = 818BDFA31A0322C90071C025 /* ViewController.swift */; };
		818BDFA71A0322CA0071C025 /* Main.storyboard in Resources */ = {isa = PBXBuildFile; fileRef = 818BDFA51A0322CA0071C025 /* Main.storyboard */; };
		818BDFA91A0322CA0071C025 /* Images.xcassets in Resources */ = {isa = PBXBuildFile; fileRef = 818BDFA81A0322CA0071C025 /* Images.xcassets */; };
		818BDFB81A0322CA0071C025 /* BullsEyeTests.swift in Sources */ = {isa = PBXBuildFile; fileRef = 818BDFB71A0322CA0071C025 /* BullsEyeTests.swift */; };
		818BDFC21A03F8920071C025 /* AboutViewController.swift in Sources */ = {isa = PBXBuildFile; fileRef = 818BDFC11A03F8920071C025 /* AboutViewController.swift */; };
		818BDFC61A040A230071C025 /* BullsEye.html in Resources */ = {isa = PBXBuildFile; fileRef = 818BDFC51A040A230071C025 /* BullsEye.html */; };
		818BDFC91A0412370071C025 /* Default-568h@2x.png in Resources */ = {isa = PBXBuildFile; fileRef = 818BDFC71A0412370071C025 /* Default-568h@2x.png */; };
		818BDFCA1A0412370071C025 /* Default@2x.png in Resources */ = {isa = PBXBuildFile; fileRef = 818BDFC81A0412370071C025 /* Default@2x.png */; };
/* End PBXBuildFile section */

/* Begin PBXContainerItemProxy section */
		818BDFB21A0322CA0071C025 /* PBXContainerItemProxy */ = {
			isa = PBXContainerItemProxy;
			containerPortal = 818BDF941A0322C90071C025 /* Project object */;
			proxyType = 1;
			remoteGlobalIDString = 818BDF9B1A0322C90071C025;
			remoteInfo = BullsEye;
		};
/* End PBXContainerItemProxy section */

/* Begin PBXFileReference section */
		818BDF9C1A0322C90071C025 /* BullsEye.app */ = {isa = PBXFileReference; explicitFileType = wrapper.application; includeInIndex = 0; path = BullsEye.app; sourceTree = BUILT_PRODUCTS_DIR; };
		818BDFA01A0322C90071C025 /* Info.plist */ = {isa = PBXFileReference; lastKnownFileType = text.plist.xml; path = Info.plist; sourceTree = "<group>"; };
		818BDFA11A0322C90071C025 /* AppDelegate.swift */ = {isa = PBXFileReference; lastKnownFileType = sourcecode.swift; path = AppDelegate.swift; sourceTree = "<group>"; };
		818BDFA31A0322C90071C025 /* ViewController.swift */ = {isa = PBXFileReference; lastKnownFileType = sourcecode.swift; path = ViewController.swift; sourceTree = "<group>"; };
		818BDFA61A0322CA0071C025 /* Base */ = {isa = PBXFileReference; lastKnownFileType = file.storyboard; name = Base; path = Base.lproj/Main.storyboard; sourceTree = "<group>"; };
		818BDFA81A0322CA0071C025 /* Images.xcassets */ = {isa = PBXFileReference; lastKnownFileType = folder.assetcatalog; path = Images.xcassets; sourceTree = "<group>"; };
		818BDFB11A0322CA0071C025 /* BullsEyeTests.xctest */ = {isa = PBXFileReference; explicitFileType = wrapper.cfbundle; includeInIndex = 0; path = BullsEyeTests.xctest; sourceTree = BUILT_PRODUCTS_DIR; };
		818BDFB61A0322CA0071C025 /* Info.plist */ = {isa = PBXFileReference; lastKnownFileType = text.plist.xml; path = Info.plist; sourceTree = "<group>"; };
		818BDFB71A0322CA0071C025 /* BullsEyeTests.swift */ = {isa = PBXFileReference; lastKnownFileType = sourcecode.swift; path = BullsEyeTests.swift; sourceTree = "<group>"; };
		818BDFC11A03F8920071C025 /* AboutViewController.swift */ = {isa = PBXFileReference; fileEncoding = 4; lastKnownFileType = sourcecode.swift; path = AboutViewController.swift; sourceTree = "<group>"; };
		818BDFC51A040A230071C025 /* BullsEye.html */ = {isa = PBXFileReference; fileEncoding = 4; lastKnownFileType = text.html; path = BullsEye.html; sourceTree = "<group>"; };
		818BDFC71A0412370071C025 /* Default-568h@2x.png */ = {isa = PBXFileReference; lastKnownFileType = image.png; path = "Default-568h@2x.png"; sourceTree = "<group>"; };
		818BDFC81A0412370071C025 /* Default@2x.png */ = {isa = PBXFileReference; lastKnownFileType = image.png; path = "Default@2x.png"; sourceTree = "<group>"; };
/* End PBXFileReference section */

/* Begin PBXFrameworksBuildPhase section */
		818BDF991A0322C90071C025 /* Frameworks */ = {
			isa = PBXFrameworksBuildPhase;
			buildActionMask = 2147483647;
			files = (
			);
			runOnlyForDeploymentPostprocessing = 0;
		};
		818BDFAE1A0322CA0071C025 /* Frameworks */ = {
			isa = PBXFrameworksBuildPhase;
			buildActionMask = 2147483647;
			files = (
			);
			runOnlyForDeploymentPostprocessing = 0;
		};
/* End PBXFrameworksBuildPhase section */

/* Begin PBXGroup section */
		818BDF931A0322C90071C025 = {
			isa = PBXGroup;
			children = (
				818BDF9E1A0322C90071C025 /* BullsEye */,
				818BDFB41A0322CA0071C025 /* BullsEyeTests */,
				818BDF9D1A0322C90071C025 /* Products */,
			);
			sourceTree = "<group>";
		};
		818BDF9D1A0322C90071C025 /* Products */ = {
			isa = PBXGroup;
			children = (
				818BDF9C1A0322C90071C025 /* BullsEye.app */,
				818BDFB11A0322CA0071C025 /* BullsEyeTests.xctest */,
			);
			name = Products;
			sourceTree = "<group>";
		};
		818BDF9E1A0322C90071C025 /* BullsEye */ = {
			isa = PBXGroup;
			children = (
				818BDFC71A0412370071C025 /* Default-568h@2x.png */,
				818BDFC81A0412370071C025 /* Default@2x.png */,
				818BDFC51A040A230071C025 /* BullsEye.html */,
				818BDFA11A0322C90071C025 /* AppDelegate.swift */,
				818BDFA31A0322C90071C025 /* ViewController.swift */,
				818BDFA51A0322CA0071C025 /* Main.storyboard */,
				818BDFC11A03F8920071C025 /* AboutViewController.swift */,
				818BDFA81A0322CA0071C025 /* Images.xcassets */,
				818BDF9F1A0322C90071C025 /* Supporting Files */,
			);
			path = BullsEye;
			sourceTree = "<group>";
		};
		818BDF9F1A0322C90071C025 /* Supporting Files */ = {
			isa = PBXGroup;
			children = (
				818BDFA01A0322C90071C025 /* Info.plist */,
			);
			name = "Supporting Files";
			sourceTree = "<group>";
		};
		818BDFB41A0322CA0071C025 /* BullsEyeTests */ = {
			isa = PBXGroup;
			children = (
				818BDFB71A0322CA0071C025 /* BullsEyeTests.swift */,
				818BDFB51A0322CA0071C025 /* Supporting Files */,
			);
			path = BullsEyeTests;
			sourceTree = "<group>";
		};
		818BDFB51A0322CA0071C025 /* Supporting Files */ = {
			isa = PBXGroup;
			children = (
				818BDFB61A0322CA0071C025 /* Info.plist */,
			);
			name = "Supporting Files";
			sourceTree = "<group>";
		};
/* End PBXGroup section */

/* Begin PBXNativeTarget section */
		818BDF9B1A0322C90071C025 /* BullsEye */ = {
			isa = PBXNativeTarget;
			buildConfigurationList = 818BDFBB1A0322CA0071C025 /* Build configuration list for PBXNativeTarget "BullsEye" */;
			buildPhases = (
				818BDF981A0322C90071C025 /* Sources */,
				818BDF991A0322C90071C025 /* Frameworks */,
				818BDF9A1A0322C90071C025 /* Resources */,
			);
			buildRules = (
			);
			dependencies = (
			);
			name = BullsEye;
			productName = BullsEye;
			productReference = 818BDF9C1A0322C90071C025 /* BullsEye.app */;
			productType = "com.apple.product-type.application";
		};
		818BDFB01A0322CA0071C025 /* BullsEyeTests */ = {
			isa = PBXNativeTarget;
			buildConfigurationList = 818BDFBE1A0322CA0071C025 /* Build configuration list for PBXNativeTarget "BullsEyeTests" */;
			buildPhases = (
				818BDFAD1A0322CA0071C025 /* Sources */,
				818BDFAE1A0322CA0071C025 /* Frameworks */,
				818BDFAF1A0322CA0071C025 /* Resources */,
			);
			buildRules = (
			);
			dependencies = (
				818BDFB31A0322CA0071C025 /* PBXTargetDependency */,
			);
			name = BullsEyeTests;
			productName = BullsEyeTests;
			productReference = 818BDFB11A0322CA0071C025 /* BullsEyeTests.xctest */;
			productType = "com.apple.product-type.bundle.unit-test";
		};
/* End PBXNativeTarget section */

/* Begin PBXProject section */
		818BDF941A0322C90071C025 /* Project object */ = {
			isa = PBXProject;
			attributes = {
				LastUpgradeCheck = 0610;
				ORGANIZATIONNAME = Sai;
				TargetAttributes = {
					818BDF9B1A0322C90071C025 = {
						CreatedOnToolsVersion = 6.1;
						DevelopmentTeam = H9UDB7EEW2;
					};
					818BDFB01A0322CA0071C025 = {
						CreatedOnToolsVersion = 6.1;
						TestTargetID = 818BDF9B1A0322C90071C025;
					};
				};
			};
			buildConfigurationList = 818BDF971A0322C90071C025 /* Build configuration list for PBXProject "BullsEye" */;
			compatibilityVersion = "Xcode 3.2";
			developmentRegion = English;
			hasScannedForEncodings = 0;
			knownRegions = (
				en,
				Base,
			);
			mainGroup = 818BDF931A0322C90071C025;
			productRefGroup = 818BDF9D1A0322C90071C025 /* Products */;
			projectDirPath = "";
			projectRoot = "";
			targets = (
				818BDF9B1A0322C90071C025 /* BullsEye */,
				818BDFB01A0322CA0071C025 /* BullsEyeTests */,
			);
		};
/* End PBXProject section */

/* Begin PBXResourcesBuildPhase section */
		818BDF9A1A0322C90071C025 /* Resources */ = {
			isa = PBXResourcesBuildPhase;
			buildActionMask = 2147483647;
			files = (
				818BDFA71A0322CA0071C025 /* Main.storyboard in Resources */,
				818BDFC91A0412370071C025 /* Default-568h@2x.png in Resources */,
				818BDFCA1A0412370071C025 /* Default@2x.png in Resources */,
				818BDFC61A040A230071C025 /* BullsEye.html in Resources */,
				818BDFA91A0322CA0071C025 /* Images.xcassets in Resources */,
			);
			runOnlyForDeploymentPostprocessing = 0;
		};
		818BDFAF1A0322CA0071C025 /* Resources */ = {
			isa = PBXResourcesBuildPhase;
			buildActionMask = 2147483647;
			files = (
			);
			runOnlyForDeploymentPostprocessing = 0;
		};
/* End PBXResourcesBuildPhase section */

/* Begin PBXSourcesBuildPhase section */
		818BDF981A0322C90071C025 /* Sources */ = {
			isa = PBXSourcesBuildPhase;
			buildActionMask = 2147483647;
			files = (
				818BDFC21A03F8920071C025 /* AboutViewController.swift in Sources */,
				818BDFA41A0322C90071C025 /* ViewController.swift in Sources */,
				818BDFA21A0322C90071C025 /* AppDelegate.swift in Sources */,
			);
			runOnlyForDeploymentPostprocessing = 0;
		};
		818BDFAD1A0322CA0071C025 /* Sources */ = {
			isa = PBXSourcesBuildPhase;
			buildActionMask = 2147483647;
			files = (
				818BDFB81A0322CA0071C025 /* BullsEyeTests.swift in Sources */,
			);
			runOnlyForDeploymentPostprocessing = 0;
		};
/* End PBXSourcesBuildPhase section */

/* Begin PBXTargetDependency section */
		818BDFB31A0322CA0071C025 /* PBXTargetDependency */ = {
			isa = PBXTargetDependency;
			target = 818BDF9B1A0322C90071C025 /* BullsEye */;
			targetProxy = 818BDFB21A0322CA0071C025 /* PBXContainerItemProxy */;
		};
/* End PBXTargetDependency section */

/* Begin PBXVariantGroup section */
		818BDFA51A0322CA0071C025 /* Main.storyboard */ = {
			isa = PBXVariantGroup;
			children = (
				818BDFA61A0322CA0071C025 /* Base */,
			);
			name = Main.storyboard;
			sourceTree = "<group>";
		};
/* End PBXVariantGroup section */

/* Begin XCBuildConfiguration section */
		818BDFB91A0322CA0071C025 /* Debug */ = {
			isa = XCBuildConfiguration;
			buildSettings = {
				ALWAYS_SEARCH_USER_PATHS = NO;
				CLANG_CXX_LANGUAGE_STANDARD = "gnu++0x";
				CLANG_CXX_LIBRARY = "libc++";
				CLANG_ENABLE_MODULES = YES;
				CLANG_ENABLE_OBJC_ARC = YES;
				CLANG_WARN_BOOL_CONVERSION = YES;
				CLANG_WARN_CONSTANT_CONVERSION = YES;
				CLANG_WARN_DIRECT_OBJC_ISA_USAGE = YES_ERROR;
				CLANG_WARN_EMPTY_BODY = YES;
				CLANG_WARN_ENUM_CONVERSION = YES;
				CLANG_WARN_INT_CONVERSION = YES;
				CLANG_WARN_OBJC_ROOT_CLASS = YES_ERROR;
				CLANG_WARN_UNREACHABLE_CODE = YES;
				CLANG_WARN__DUPLICATE_METHOD_MATCH = YES;
				"CODE_SIGN_IDENTITY[sdk=iphoneos*]" = "iPhone Developer";
				COPY_PHASE_STRIP = NO;
				ENABLE_STRICT_OBJC_MSGSEND = YES;
				GCC_C_LANGUAGE_STANDARD = gnu99;
				GCC_DYNAMIC_NO_PIC = NO;
				GCC_OPTIMIZATION_LEVEL = 0;
				GCC_PREPROCESSOR_DEFINITIONS = (
					"DEBUG=1",
					"$(inherited)",
				);
				GCC_SYMBOLS_PRIVATE_EXTERN = NO;
				GCC_WARN_64_TO_32_BIT_CONVERSION = YES;
				GCC_WARN_ABOUT_RETURN_TYPE = YES_ERROR;
				GCC_WARN_UNDECLARED_SELECTOR = YES;
				GCC_WARN_UNINITIALIZED_AUTOS = YES_AGGRESSIVE;
				GCC_WARN_UNUSED_FUNCTION = YES;
				GCC_WARN_UNUSED_VARIABLE = YES;
				IPHONEOS_DEPLOYMENT_TARGET = 8.1;
				MTL_ENABLE_DEBUG_INFO = YES;
				ONLY_ACTIVE_ARCH = YES;
				SDKROOT = iphoneos;
				SWIFT_OPTIMIZATION_LEVEL = "-Onone";
			};
			name = Debug;
		};
		818BDFBA1A0322CA0071C025 /* Release */ = {
			isa = XCBuildConfiguration;
			buildSettings = {
				ALWAYS_SEARCH_USER_PATHS = NO;
				CLANG_CXX_LANGUAGE_STANDARD = "gnu++0x";
				CLANG_CXX_LIBRARY = "libc++";
				CLANG_ENABLE_MODULES = YES;
				CLANG_ENABLE_OBJC_ARC = YES;
				CLANG_WARN_BOOL_CONVERSION = YES;
				CLANG_WARN_CONSTANT_CONVERSION = YES;
				CLANG_WARN_DIRECT_OBJC_ISA_USAGE = YES_ERROR;
				CLANG_WARN_EMPTY_BODY = YES;
				CLANG_WARN_ENUM_CONVERSION = YES;
				CLANG_WARN_INT_CONVERSION = YES;
				CLANG_WARN_OBJC_ROOT_CLASS = YES_ERROR;
				CLANG_WARN_UNREACHABLE_CODE = YES;
				CLANG_WARN__DUPLICATE_METHOD_MATCH = YES;
				"CODE_SIGN_IDENTITY[sdk=iphoneos*]" = "iPhone Developer";
				COPY_PHASE_STRIP = YES;
				ENABLE_NS_ASSERTIONS = NO;
				ENABLE_STRICT_OBJC_MSGSEND = YES;
				GCC_C_LANGUAGE_STANDARD = gnu99;
				GCC_WARN_64_TO_32_BIT_CONVERSION = YES;
				GCC_WARN_ABOUT_RETURN_TYPE = YES_ERROR;
				GCC_WARN_UNDECLARED_SELECTOR = YES;
				GCC_WARN_UNINITIALIZED_AUTOS = YES_AGGRESSIVE;
				GCC_WARN_UNUSED_FUNCTION = YES;
				GCC_WARN_UNUSED_VARIABLE = YES;
				IPHONEOS_DEPLOYMENT_TARGET = 8.1;
				MTL_ENABLE_DEBUG_INFO = NO;
				SDKROOT = iphoneos;
				VALIDATE_PRODUCT = YES;
			};
			name = Release;
		};
		818BDFBC1A0322CA0071C025 /* Debug */ = {
			isa = XCBuildConfiguration;
			buildSettings = {
				ASSETCATALOG_COMPILER_APPICON_NAME = AppIcon;
				CODE_SIGN_IDENTITY = "iPhone Developer";
				"CODE_SIGN_IDENTITY[sdk=iphoneos*]" = "iPhone Developer";
				INFOPLIST_FILE = BullsEye/Info.plist;
				LD_RUNPATH_SEARCH_PATHS = "$(inherited) @executable_path/Frameworks";
				PRODUCT_NAME = "$(TARGET_NAME)";
				PROVISIONING_PROFILE = "";
			};
			name = Debug;
		};
		818BDFBD1A0322CA0071C025 /* Release */ = {
			isa = XCBuildConfiguration;
			buildSettings = {
				ASSETCATALOG_COMPILER_APPICON_NAME = AppIcon;
				CODE_SIGN_IDENTITY = "iPhone Developer";
				"CODE_SIGN_IDENTITY[sdk=iphoneos*]" = "iPhone Developer";
				INFOPLIST_FILE = BullsEye/Info.plist;
				LD_RUNPATH_SEARCH_PATHS = "$(inherited) @executable_path/Frameworks";
				PRODUCT_NAME = "$(TARGET_NAME)";
				PROVISIONING_PROFILE = "";
			};
			name = Release;
		};
		818BDFBF1A0322CA0071C025 /* Debug */ = {
			isa = XCBuildConfiguration;
			buildSettings = {
				BUNDLE_LOADER = "$(TEST_HOST)";
				FRAMEWORK_SEARCH_PATHS = (
					"$(SDKROOT)/Developer/Library/Frameworks",
					"$(inherited)",
				);
				GCC_PREPROCESSOR_DEFINITIONS = (
					"DEBUG=1",
					"$(inherited)",
				);
				INFOPLIST_FILE = BullsEyeTests/Info.plist;
				LD_RUNPATH_SEARCH_PATHS = "$(inherited) @executable_path/Frameworks @loader_path/Frameworks";
				PRODUCT_NAME = "$(TARGET_NAME)";
				TEST_HOST = "$(BUILT_PRODUCTS_DIR)/BullsEye.app/BullsEye";
			};
			name = Debug;
		};
		818BDFC01A0322CA0071C025 /* Release */ = {
			isa = XCBuildConfiguration;
			buildSettings = {
				BUNDLE_LOADER = "$(TEST_HOST)";
				FRAMEWORK_SEARCH_PATHS = (
					"$(SDKROOT)/Developer/Library/Frameworks",
					"$(inherited)",
				);
				INFOPLIST_FILE = BullsEyeTests/Info.plist;
				LD_RUNPATH_SEARCH_PATHS = "$(inherited) @executable_path/Frameworks @loader_path/Frameworks";
				PRODUCT_NAME = "$(TARGET_NAME)";
				TEST_HOST = "$(BUILT_PRODUCTS_DIR)/BullsEye.app/BullsEye";
			};
			name = Release;
		};
/* End XCBuildConfiguration section */

/* Begin XCConfigurationList section */
		818BDF971A0322C90071C025 /* Build configuration list for PBXProject "BullsEye" */ = {
			isa = XCConfigurationList;
			buildConfigurations = (
				818BDFB91A0322CA0071C025 /* Debug */,
				818BDFBA1A0322CA0071C025 /* Release */,
			);
			defaultConfigurationIsVisible = 0;
			defaultConfigurationName = Release;
		};
		818BDFBB1A0322CA0071C025 /* Build configuration list for PBXNativeTarget "BullsEye" */ = {
			isa = XCConfigurationList;
			buildConfigurations = (
				818BDFBC1A0322CA0071C025 /* Debug */,
				818BDFBD1A0322CA0071C025 /* Release */,
			);
			defaultConfigurationIsVisible = 0;
		};
		818BDFBE1A0322CA0071C025 /* Build configuration list for PBXNativeTarget "BullsEyeTests" */ = {
			isa = XCConfigurationList;
			buildConfigurations = (
				818BDFBF1A0322CA0071C025 /* Debug */,
				818BDFC01A0322CA0071C025 /* Release */,
			);
			defaultConfigurationIsVisible = 0;
		};
/* End XCConfigurationList section */
	};
	rootObject = 818BDF941A0322C90071C025 /* Project object */;
}
